// !$*UTF8*$!
{
	archiveVersion = 1;
	classes = {
	};
	objectVersion = 50;
	objects = {

/* Begin PBXBuildFile section */
		BC11F725244B505600734F60 /* AppDelegate.swift in Sources */ = {isa = PBXBuildFile; fileRef = BC11F724244B505600734F60 /* AppDelegate.swift */; };
		BC11F727244B505600734F60 /* SceneDelegate.swift in Sources */ = {isa = PBXBuildFile; fileRef = BC11F726244B505600734F60 /* SceneDelegate.swift */; };
		BC11F72C244B505600734F60 /* Main.storyboard in Resources */ = {isa = PBXBuildFile; fileRef = BC11F72A244B505600734F60 /* Main.storyboard */; };
		BC11F72E244B505A00734F60 /* Assets.xcassets in Resources */ = {isa = PBXBuildFile; fileRef = BC11F72D244B505A00734F60 /* Assets.xcassets */; };
		BC11F731244B505A00734F60 /* LaunchScreen.storyboard in Resources */ = {isa = PBXBuildFile; fileRef = BC11F72F244B505A00734F60 /* LaunchScreen.storyboard */; };
		BC11F739244C5D2300734F60 /* ExplorationViewController.swift in Sources */ = {isa = PBXBuildFile; fileRef = BC11F738244C5D2300734F60 /* ExplorationViewController.swift */; };
		BC11F776244EEBA600734F60 /* UIImageViewExtension.swift in Sources */ = {isa = PBXBuildFile; fileRef = BC11F773244EEBA600734F60 /* UIImageViewExtension.swift */; };
		BC11F777244EEBA600734F60 /* Museum.swift in Sources */ = {isa = PBXBuildFile; fileRef = BC11F775244EEBA600734F60 /* Museum.swift */; };
		BC11F77B244EEF2300734F60 /* MuseumSelectionViewController.swift in Sources */ = {isa = PBXBuildFile; fileRef = BC11F779244EEF2300734F60 /* MuseumSelectionViewController.swift */; };
		BC4CB362246D01E1008BE946 /* ModelsDecodingExtension.swift in Sources */ = {isa = PBXBuildFile; fileRef = BC4CB361246D01E1008BE946 /* ModelsDecodingExtension.swift */; };
		BC4CB366246D1D07008BE946 /* PaintingKeys.swift in Sources */ = {isa = PBXBuildFile; fileRef = BC4CB365246D1D07008BE946 /* PaintingKeys.swift */; };
		BC4CB368246D1D2B008BE946 /* ArtistKeys.swift in Sources */ = {isa = PBXBuildFile; fileRef = BC4CB367246D1D2B008BE946 /* ArtistKeys.swift */; };
		BC4CB36F246D1DAA008BE946 /* Painting+CoreDataClass.swift in Sources */ = {isa = PBXBuildFile; fileRef = BC4CB36D246D1DAA008BE946 /* Painting+CoreDataClass.swift */; };
		BC4CB370246D1DAA008BE946 /* Painting+CoreDataProperties.swift in Sources */ = {isa = PBXBuildFile; fileRef = BC4CB36E246D1DAA008BE946 /* Painting+CoreDataProperties.swift */; };
		BC4CB377246D1E2C008BE946 /* Artist+CoreDataClass.swift in Sources */ = {isa = PBXBuildFile; fileRef = BC4CB375246D1E2C008BE946 /* Artist+CoreDataClass.swift */; };
		BC4CB378246D1E2C008BE946 /* Artist+CoreDataProperties.swift in Sources */ = {isa = PBXBuildFile; fileRef = BC4CB376246D1E2C008BE946 /* Artist+CoreDataProperties.swift */; };
		BC4CB37A246D32B7008BE946 /* FetchImageData.swift in Sources */ = {isa = PBXBuildFile; fileRef = BC4CB379246D32B7008BE946 /* FetchImageData.swift */; };
		BC4CB37C246D40E8008BE946 /* DataBaseFunctionalityExtension.swift in Sources */ = {isa = PBXBuildFile; fileRef = BC4CB37B246D40E8008BE946 /* DataBaseFunctionalityExtension.swift */; };
		BC59EC31246DBD61003785B2 /* ARResourcesButton.swift in Sources */ = {isa = PBXBuildFile; fileRef = BC59EC30246DBD61003785B2 /* ARResourcesButton.swift */; };
		BC6538172451E2AC008B0063 /* ARSessionStateHandlerExtension.swift in Sources */ = {isa = PBXBuildFile; fileRef = BC6538162451E2AC008B0063 /* ARSessionStateHandlerExtension.swift */; };
		BC6538192451F5D6008B0063 /* ImageRecognitionHandlingExtension.swift in Sources */ = {isa = PBXBuildFile; fileRef = BC6538182451F5D6008B0063 /* ImageRecognitionHandlingExtension.swift */; };
		BC65381C2451F672008B0063 /* VisualEffectsForRegognizedImageExtension.swift in Sources */ = {isa = PBXBuildFile; fileRef = BC65381B2451F672008B0063 /* VisualEffectsForRegognizedImageExtension.swift */; };
		BC65381F245321B3008B0063 /* ARConstants.swift in Sources */ = {isa = PBXBuildFile; fileRef = BC65381E245321B3008B0063 /* ARConstants.swift */; };
		BC8AC5E5245DC0E30039CB67 /* FetchPaintingsListExtension.swift in Sources */ = {isa = PBXBuildFile; fileRef = BC8AC5E4245DC0E30039CB67 /* FetchPaintingsListExtension.swift */; };
		BC8AC5E7245DC7570039CB67 /* URLExtension.swift in Sources */ = {isa = PBXBuildFile; fileRef = BC8AC5E6245DC7570039CB67 /* URLExtension.swift */; };
		BC8AC5E9245DD0CE0039CB67 /* Artist.swift in Sources */ = {isa = PBXBuildFile; fileRef = BC8AC5E8245DD0CE0039CB67 /* Artist.swift */; };
		BC8AC5EB245DE2FD0039CB67 /* ConvertImagesToReferenceImagesExtension.swift in Sources */ = {isa = PBXBuildFile; fileRef = BC8AC5EA245DE2FD0039CB67 /* ConvertImagesToReferenceImagesExtension.swift */; };
		BCCA8A2D245D63FB00AFC81A /* CreateDynamicDetectionImageSet.swift in Sources */ = {isa = PBXBuildFile; fileRef = BCCA8A2C245D63FB00AFC81A /* CreateDynamicDetectionImageSet.swift */; };
		BCCE03D22466CFCE0017CD56 /* Model.xcdatamodeld in Sources */ = {isa = PBXBuildFile; fileRef = BCCE03D02466CFCE0017CD56 /* Model.xcdatamodeld */; };
		BCCE03D42466D9D00017CD56 /* DataBaseManager.swift in Sources */ = {isa = PBXBuildFile; fileRef = BCCE03D32466D9D00017CD56 /* DataBaseManager.swift */; };
		BCD19782244EF52E00530CE3 /* MuseumTableViewCell.swift in Sources */ = {isa = PBXBuildFile; fileRef = BCD19781244EF52E00530CE3 /* MuseumTableViewCell.swift */; };
		BCD19784244F227F00530CE3 /* Painting.swift in Sources */ = {isa = PBXBuildFile; fileRef = BCD19783244F227F00530CE3 /* Painting.swift */; };
		BCD19786244F244F00530CE3 /* PaintingsCollectionViewController.swift in Sources */ = {isa = PBXBuildFile; fileRef = BCD19785244F244F00530CE3 /* PaintingsCollectionViewController.swift */; };
		BCD19788244F7EDC00530CE3 /* PaintingTableViewCell.swift in Sources */ = {isa = PBXBuildFile; fileRef = BCD19787244F7EDC00530CE3 /* PaintingTableViewCell.swift */; };
		BCFEAC1B245B2B8F00FC8FC7 /* FetchMuseumListExtension.swift in Sources */ = {isa = PBXBuildFile; fileRef = BCFEAC1A245B2B8F00FC8FC7 /* FetchMuseumListExtension.swift */; };
		BCFEAC1D245B2C4400FC8FC7 /* Constants.swift in Sources */ = {isa = PBXBuildFile; fileRef = BCFEAC1C245B2C4400FC8FC7 /* Constants.swift */; };
		BCFEAC1F245C2DB700FC8FC7 /* MuseumDetailsViewController.swift in Sources */ = {isa = PBXBuildFile; fileRef = BCFEAC1E245C2DB700FC8FC7 /* MuseumDetailsViewController.swift */; };
		BCFF49A42462E1AB0081D23B /* LoadingButton.swift in Sources */ = {isa = PBXBuildFile; fileRef = BCFF49A32462E1AB0081D23B /* LoadingButton.swift */; };
/* End PBXBuildFile section */

/* Begin PBXFileReference section */
		BC11F721244B505600734F60 /* ARtGallery.app */ = {isa = PBXFileReference; explicitFileType = wrapper.application; includeInIndex = 0; path = ARtGallery.app; sourceTree = BUILT_PRODUCTS_DIR; };
		BC11F724244B505600734F60 /* AppDelegate.swift */ = {isa = PBXFileReference; lastKnownFileType = sourcecode.swift; path = AppDelegate.swift; sourceTree = "<group>"; };
		BC11F726244B505600734F60 /* SceneDelegate.swift */ = {isa = PBXFileReference; lastKnownFileType = sourcecode.swift; path = SceneDelegate.swift; sourceTree = "<group>"; };
		BC11F72B244B505600734F60 /* Base */ = {isa = PBXFileReference; lastKnownFileType = file.storyboard; name = Base; path = Base.lproj/Main.storyboard; sourceTree = "<group>"; };
		BC11F72D244B505A00734F60 /* Assets.xcassets */ = {isa = PBXFileReference; lastKnownFileType = folder.assetcatalog; path = Assets.xcassets; sourceTree = "<group>"; };
		BC11F730244B505A00734F60 /* Base */ = {isa = PBXFileReference; lastKnownFileType = file.storyboard; name = Base; path = Base.lproj/LaunchScreen.storyboard; sourceTree = "<group>"; };
		BC11F732244B505A00734F60 /* Info.plist */ = {isa = PBXFileReference; lastKnownFileType = text.plist.xml; path = Info.plist; sourceTree = "<group>"; };
		BC11F738244C5D2300734F60 /* ExplorationViewController.swift */ = {isa = PBXFileReference; lastKnownFileType = sourcecode.swift; path = ExplorationViewController.swift; sourceTree = "<group>"; };
		BC11F773244EEBA600734F60 /* UIImageViewExtension.swift */ = {isa = PBXFileReference; fileEncoding = 4; lastKnownFileType = sourcecode.swift; path = UIImageViewExtension.swift; sourceTree = "<group>"; };
		BC11F775244EEBA600734F60 /* Museum.swift */ = {isa = PBXFileReference; fileEncoding = 4; lastKnownFileType = sourcecode.swift; path = Museum.swift; sourceTree = "<group>"; };
		BC11F779244EEF2300734F60 /* MuseumSelectionViewController.swift */ = {isa = PBXFileReference; fileEncoding = 4; lastKnownFileType = sourcecode.swift; path = MuseumSelectionViewController.swift; sourceTree = "<group>"; };
		BC4CB361246D01E1008BE946 /* ModelsDecodingExtension.swift */ = {isa = PBXFileReference; lastKnownFileType = sourcecode.swift; path = ModelsDecodingExtension.swift; sourceTree = "<group>"; };
		BC4CB365246D1D07008BE946 /* PaintingKeys.swift */ = {isa = PBXFileReference; lastKnownFileType = sourcecode.swift; path = PaintingKeys.swift; sourceTree = "<group>"; };
		BC4CB367246D1D2B008BE946 /* ArtistKeys.swift */ = {isa = PBXFileReference; lastKnownFileType = sourcecode.swift; path = ArtistKeys.swift; sourceTree = "<group>"; };
		BC4CB36D246D1DAA008BE946 /* Painting+CoreDataClass.swift */ = {isa = PBXFileReference; lastKnownFileType = sourcecode.swift; path = "Painting+CoreDataClass.swift"; sourceTree = "<group>"; };
		BC4CB36E246D1DAA008BE946 /* Painting+CoreDataProperties.swift */ = {isa = PBXFileReference; lastKnownFileType = sourcecode.swift; path = "Painting+CoreDataProperties.swift"; sourceTree = "<group>"; };
		BC4CB375246D1E2C008BE946 /* Artist+CoreDataClass.swift */ = {isa = PBXFileReference; lastKnownFileType = sourcecode.swift; path = "Artist+CoreDataClass.swift"; sourceTree = "<group>"; };
		BC4CB376246D1E2C008BE946 /* Artist+CoreDataProperties.swift */ = {isa = PBXFileReference; lastKnownFileType = sourcecode.swift; path = "Artist+CoreDataProperties.swift"; sourceTree = "<group>"; };
		BC4CB379246D32B7008BE946 /* FetchImageData.swift */ = {isa = PBXFileReference; lastKnownFileType = sourcecode.swift; path = FetchImageData.swift; sourceTree = "<group>"; };
		BC4CB37B246D40E8008BE946 /* DataBaseFunctionalityExtension.swift */ = {isa = PBXFileReference; lastKnownFileType = sourcecode.swift; path = DataBaseFunctionalityExtension.swift; sourceTree = "<group>"; };
		BC59EC30246DBD61003785B2 /* ARResourcesButton.swift */ = {isa = PBXFileReference; lastKnownFileType = sourcecode.swift; path = ARResourcesButton.swift; sourceTree = "<group>"; };
		BC6538162451E2AC008B0063 /* ARSessionStateHandlerExtension.swift */ = {isa = PBXFileReference; lastKnownFileType = sourcecode.swift; path = ARSessionStateHandlerExtension.swift; sourceTree = "<group>"; };
		BC6538182451F5D6008B0063 /* ImageRecognitionHandlingExtension.swift */ = {isa = PBXFileReference; lastKnownFileType = sourcecode.swift; path = ImageRecognitionHandlingExtension.swift; sourceTree = "<group>"; };
		BC65381B2451F672008B0063 /* VisualEffectsForRegognizedImageExtension.swift */ = {isa = PBXFileReference; lastKnownFileType = sourcecode.swift; path = VisualEffectsForRegognizedImageExtension.swift; sourceTree = "<group>"; };
		BC65381E245321B3008B0063 /* ARConstants.swift */ = {isa = PBXFileReference; lastKnownFileType = sourcecode.swift; path = ARConstants.swift; sourceTree = "<group>"; };
		BC8AC5E4245DC0E30039CB67 /* FetchPaintingsListExtension.swift */ = {isa = PBXFileReference; lastKnownFileType = sourcecode.swift; path = FetchPaintingsListExtension.swift; sourceTree = "<group>"; };
		BC8AC5E6245DC7570039CB67 /* URLExtension.swift */ = {isa = PBXFileReference; lastKnownFileType = sourcecode.swift; path = URLExtension.swift; sourceTree = "<group>"; };
		BC8AC5E8245DD0CE0039CB67 /* Artist.swift */ = {isa = PBXFileReference; lastKnownFileType = sourcecode.swift; path = Artist.swift; sourceTree = "<group>"; };
		BC8AC5EA245DE2FD0039CB67 /* ConvertImagesToReferenceImagesExtension.swift */ = {isa = PBXFileReference; lastKnownFileType = sourcecode.swift; path = ConvertImagesToReferenceImagesExtension.swift; sourceTree = "<group>"; };
		BCCA8A2C245D63FB00AFC81A /* CreateDynamicDetectionImageSet.swift */ = {isa = PBXFileReference; lastKnownFileType = sourcecode.swift; path = CreateDynamicDetectionImageSet.swift; sourceTree = "<group>"; };
		BCCE03D12466CFCE0017CD56 /* Model.xcdatamodel */ = {isa = PBXFileReference; lastKnownFileType = wrapper.xcdatamodel; path = Model.xcdatamodel; sourceTree = "<group>"; };
		BCCE03D32466D9D00017CD56 /* DataBaseManager.swift */ = {isa = PBXFileReference; lastKnownFileType = sourcecode.swift; path = DataBaseManager.swift; sourceTree = "<group>"; };
		BCD19781244EF52E00530CE3 /* MuseumTableViewCell.swift */ = {isa = PBXFileReference; fileEncoding = 4; lastKnownFileType = sourcecode.swift; path = MuseumTableViewCell.swift; sourceTree = "<group>"; };
		BCD19783244F227F00530CE3 /* Painting.swift */ = {isa = PBXFileReference; lastKnownFileType = sourcecode.swift; path = Painting.swift; sourceTree = "<group>"; };
		BCD19785244F244F00530CE3 /* PaintingsCollectionViewController.swift */ = {isa = PBXFileReference; lastKnownFileType = sourcecode.swift; path = PaintingsCollectionViewController.swift; sourceTree = "<group>"; };
		BCD19787244F7EDC00530CE3 /* PaintingTableViewCell.swift */ = {isa = PBXFileReference; lastKnownFileType = sourcecode.swift; path = PaintingTableViewCell.swift; sourceTree = "<group>"; };
		BCFEAC1A245B2B8F00FC8FC7 /* FetchMuseumListExtension.swift */ = {isa = PBXFileReference; lastKnownFileType = sourcecode.swift; path = FetchMuseumListExtension.swift; sourceTree = "<group>"; };
		BCFEAC1C245B2C4400FC8FC7 /* Constants.swift */ = {isa = PBXFileReference; lastKnownFileType = sourcecode.swift; path = Constants.swift; sourceTree = "<group>"; };
		BCFEAC1E245C2DB700FC8FC7 /* MuseumDetailsViewController.swift */ = {isa = PBXFileReference; lastKnownFileType = sourcecode.swift; path = MuseumDetailsViewController.swift; sourceTree = "<group>"; };
		BCFF49A32462E1AB0081D23B /* LoadingButton.swift */ = {isa = PBXFileReference; lastKnownFileType = sourcecode.swift; path = LoadingButton.swift; sourceTree = "<group>"; };
/* End PBXFileReference section */

/* Begin PBXFrameworksBuildPhase section */
		BC11F71E244B505600734F60 /* Frameworks */ = {
			isa = PBXFrameworksBuildPhase;
			buildActionMask = 2147483647;
			files = (
			);
			runOnlyForDeploymentPostprocessing = 0;
		};
/* End PBXFrameworksBuildPhase section */

/* Begin PBXGroup section */
		BC11F718244B505500734F60 = {
			isa = PBXGroup;
			children = (
				BC11F723244B505600734F60 /* ARtGallery */,
				BC11F722244B505600734F60 /* Products */,
			);
			sourceTree = "<group>";
		};
		BC11F722244B505600734F60 /* Products */ = {
			isa = PBXGroup;
			children = (
				BC11F721244B505600734F60 /* ARtGallery.app */,
			);
			name = Products;
			sourceTree = "<group>";
		};
		BC11F723244B505600734F60 /* ARtGallery */ = {
			isa = PBXGroup;
			children = (
				BCFEAC19245B2AE200FC8FC7 /* DataFetchingAndAPI */,
				BC65381D2453218D008B0063 /* Values */,
				BC6538152451E242008B0063 /* ARSceneStuff */,
				BC11F778244EEF2300734F60 /* ViewControllers */,
				BC11F77E244EEF7300734F60 /* TableViewCells */,
				BC11F774244EEBA600734F60 /* Models */,
				BCCE03CF2466CFA90017CD56 /* CoreDataStuff */,
				BC11F72A244B505600734F60 /* Main.storyboard */,
				BC11F72D244B505A00734F60 /* Assets.xcassets */,
				BCFF49A22462E18E0081D23B /* CustomUI */,
				BC11F772244EEBA600734F60 /* Extensions */,
				BC11F72F244B505A00734F60 /* LaunchScreen.storyboard */,
				BC11F732244B505A00734F60 /* Info.plist */,
				BC11F771244EE7E700734F60 /* Delegates */,
			);
			path = ARtGallery;
			sourceTree = "<group>";
		};
		BC11F771244EE7E700734F60 /* Delegates */ = {
			isa = PBXGroup;
			children = (
				BC11F724244B505600734F60 /* AppDelegate.swift */,
				BC11F726244B505600734F60 /* SceneDelegate.swift */,
			);
			path = Delegates;
			sourceTree = "<group>";
		};
		BC11F772244EEBA600734F60 /* Extensions */ = {
			isa = PBXGroup;
			children = (
				BC11F773244EEBA600734F60 /* UIImageViewExtension.swift */,
				BC8AC5E6245DC7570039CB67 /* URLExtension.swift */,
			);
			path = Extensions;
			sourceTree = "<group>";
		};
		BC11F774244EEBA600734F60 /* Models */ = {
			isa = PBXGroup;
			children = (
				BC4CB375246D1E2C008BE946 /* Artist+CoreDataClass.swift */,
				BC4CB376246D1E2C008BE946 /* Artist+CoreDataProperties.swift */,
				BC4CB36D246D1DAA008BE946 /* Painting+CoreDataClass.swift */,
				BC4CB36E246D1DAA008BE946 /* Painting+CoreDataProperties.swift */,
				BC4CB367246D1D2B008BE946 /* ArtistKeys.swift */,
				BC4CB365246D1D07008BE946 /* PaintingKeys.swift */,
				BC11F775244EEBA600734F60 /* Museum.swift */,
				BCD19783244F227F00530CE3 /* Painting.swift */,
				BC8AC5E8245DD0CE0039CB67 /* Artist.swift */,
			);
			path = Models;
			sourceTree = "<group>";
		};
		BC11F778244EEF2300734F60 /* ViewControllers */ = {
			isa = PBXGroup;
			children = (
				BCFEAC1E245C2DB700FC8FC7 /* MuseumDetailsViewController.swift */,
				BC11F779244EEF2300734F60 /* MuseumSelectionViewController.swift */,
				BC11F738244C5D2300734F60 /* ExplorationViewController.swift */,
				BCD19785244F244F00530CE3 /* PaintingsCollectionViewController.swift */,
			);
			path = ViewControllers;
			sourceTree = "<group>";
		};
		BC11F77E244EEF7300734F60 /* TableViewCells */ = {
			isa = PBXGroup;
			children = (
				BCD19781244EF52E00530CE3 /* MuseumTableViewCell.swift */,
				BCD19787244F7EDC00530CE3 /* PaintingTableViewCell.swift */,
			);
			path = TableViewCells;
			sourceTree = "<group>";
		};
		BC6538152451E242008B0063 /* ARSceneStuff */ = {
			isa = PBXGroup;
			children = (
				BC8AC5EA245DE2FD0039CB67 /* ConvertImagesToReferenceImagesExtension.swift */,
				BC6538182451F5D6008B0063 /* ImageRecognitionHandlingExtension.swift */,
				BC65381B2451F672008B0063 /* VisualEffectsForRegognizedImageExtension.swift */,
				BC6538162451E2AC008B0063 /* ARSessionStateHandlerExtension.swift */,
				BCCA8A2C245D63FB00AFC81A /* CreateDynamicDetectionImageSet.swift */,
			);
			path = ARSceneStuff;
			sourceTree = "<group>";
		};
		BC65381D2453218D008B0063 /* Values */ = {
			isa = PBXGroup;
			children = (
				BC65381E245321B3008B0063 /* ARConstants.swift */,
				BCFEAC1C245B2C4400FC8FC7 /* Constants.swift */,
			);
			path = Values;
			sourceTree = "<group>";
		};
		BCCE03CF2466CFA90017CD56 /* CoreDataStuff */ = {
			isa = PBXGroup;
			children = (
				BCCE03D02466CFCE0017CD56 /* Model.xcdatamodeld */,
				BCCE03D32466D9D00017CD56 /* DataBaseManager.swift */,
				BC4CB37B246D40E8008BE946 /* DataBaseFunctionalityExtension.swift */,
				BC4CB361246D01E1008BE946 /* ModelsDecodingExtension.swift */,
			);
			path = CoreDataStuff;
			sourceTree = "<group>";
		};
		BCFEAC19245B2AE200FC8FC7 /* DataFetchingAndAPI */ = {
			isa = PBXGroup;
			children = (
				BCFEAC1A245B2B8F00FC8FC7 /* FetchMuseumListExtension.swift */,
				BC8AC5E4245DC0E30039CB67 /* FetchPaintingsListExtension.swift */,
				BC4CB379246D32B7008BE946 /* FetchImageData.swift */,
			);
			path = DataFetchingAndAPI;
			sourceTree = "<group>";
		};
		BCFF49A22462E18E0081D23B /* CustomUI */ = {
			isa = PBXGroup;
			children = (
				BCFF49A32462E1AB0081D23B /* LoadingButton.swift */,
				BC59EC30246DBD61003785B2 /* ARResourcesButton.swift */,
			);
			path = CustomUI;
			sourceTree = "<group>";
		};
/* End PBXGroup section */

/* Begin PBXNativeTarget section */
		BC11F720244B505600734F60 /* ARtGallery */ = {
			isa = PBXNativeTarget;
			buildConfigurationList = BC11F735244B505A00734F60 /* Build configuration list for PBXNativeTarget "ARtGallery" */;
			buildPhases = (
				BC11F71D244B505600734F60 /* Sources */,
				BC11F71E244B505600734F60 /* Frameworks */,
				BC11F71F244B505600734F60 /* Resources */,
			);
			buildRules = (
			);
			dependencies = (
			);
			name = ARtGallery;
			productName = ARtGallery;
			productReference = BC11F721244B505600734F60 /* ARtGallery.app */;
			productType = "com.apple.product-type.application";
		};
/* End PBXNativeTarget section */

/* Begin PBXProject section */
		BC11F719244B505500734F60 /* Project object */ = {
			isa = PBXProject;
			attributes = {
				LastSwiftUpdateCheck = 1130;
				LastUpgradeCheck = 1130;
				ORGANIZATIONNAME = "Иван Романов";
				TargetAttributes = {
					BC11F720244B505600734F60 = {
						CreatedOnToolsVersion = 11.3.1;
					};
				};
			};
			buildConfigurationList = BC11F71C244B505500734F60 /* Build configuration list for PBXProject "ARtGallery" */;
			compatibilityVersion = "Xcode 9.3";
			developmentRegion = en;
			hasScannedForEncodings = 0;
			knownRegions = (
				en,
				Base,
			);
			mainGroup = BC11F718244B505500734F60;
			productRefGroup = BC11F722244B505600734F60 /* Products */;
			projectDirPath = "";
			projectRoot = "";
			targets = (
				BC11F720244B505600734F60 /* ARtGallery */,
			);
		};
/* End PBXProject section */

/* Begin PBXResourcesBuildPhase section */
		BC11F71F244B505600734F60 /* Resources */ = {
			isa = PBXResourcesBuildPhase;
			buildActionMask = 2147483647;
			files = (
				BC11F731244B505A00734F60 /* LaunchScreen.storyboard in Resources */,
				BC11F72E244B505A00734F60 /* Assets.xcassets in Resources */,
				BC11F72C244B505600734F60 /* Main.storyboard in Resources */,
			);
			runOnlyForDeploymentPostprocessing = 0;
		};
/* End PBXResourcesBuildPhase section */

/* Begin PBXSourcesBuildPhase section */
		BC11F71D244B505600734F60 /* Sources */ = {
			isa = PBXSourcesBuildPhase;
			buildActionMask = 2147483647;
			files = (
				BCD19786244F244F00530CE3 /* PaintingsCollectionViewController.swift in Sources */,
				BC65381F245321B3008B0063 /* ARConstants.swift in Sources */,
				BC4CB377246D1E2C008BE946 /* Artist+CoreDataClass.swift in Sources */,
				BCFEAC1B245B2B8F00FC8FC7 /* FetchMuseumListExtension.swift in Sources */,
				BC4CB36F246D1DAA008BE946 /* Painting+CoreDataClass.swift in Sources */,
				BC11F77B244EEF2300734F60 /* MuseumSelectionViewController.swift in Sources */,
				BCCA8A2D245D63FB00AFC81A /* CreateDynamicDetectionImageSet.swift in Sources */,
				BC8AC5E7245DC7570039CB67 /* URLExtension.swift in Sources */,
				BC4CB37C246D40E8008BE946 /* DataBaseFunctionalityExtension.swift in Sources */,
				BC8AC5E9245DD0CE0039CB67 /* Artist.swift in Sources */,
				BC11F725244B505600734F60 /* AppDelegate.swift in Sources */,
				BC4CB370246D1DAA008BE946 /* Painting+CoreDataProperties.swift in Sources */,
				BCD19782244EF52E00530CE3 /* MuseumTableViewCell.swift in Sources */,
				BC4CB378246D1E2C008BE946 /* Artist+CoreDataProperties.swift in Sources */,
				BC65381C2451F672008B0063 /* VisualEffectsForRegognizedImageExtension.swift in Sources */,
				BC8AC5EB245DE2FD0039CB67 /* ConvertImagesToReferenceImagesExtension.swift in Sources */,
				BC4CB366246D1D07008BE946 /* PaintingKeys.swift in Sources */,
				BCCE03D22466CFCE0017CD56 /* Model.xcdatamodeld in Sources */,
				BCFEAC1D245B2C4400FC8FC7 /* Constants.swift in Sources */,
				BCFF49A42462E1AB0081D23B /* LoadingButton.swift in Sources */,
				BC6538192451F5D6008B0063 /* ImageRecognitionHandlingExtension.swift in Sources */,
				BC4CB368246D1D2B008BE946 /* ArtistKeys.swift in Sources */,
				BC4CB37A246D32B7008BE946 /* FetchImageData.swift in Sources */,
				BCD19784244F227F00530CE3 /* Painting.swift in Sources */,
				BC8AC5E5245DC0E30039CB67 /* FetchPaintingsListExtension.swift in Sources */,
				BC11F776244EEBA600734F60 /* UIImageViewExtension.swift in Sources */,
				BCFEAC1F245C2DB700FC8FC7 /* MuseumDetailsViewController.swift in Sources */,
				BCCE03D42466D9D00017CD56 /* DataBaseManager.swift in Sources */,
				BC11F739244C5D2300734F60 /* ExplorationViewController.swift in Sources */,
				BCD19788244F7EDC00530CE3 /* PaintingTableViewCell.swift in Sources */,
				BC11F777244EEBA600734F60 /* Museum.swift in Sources */,
				BC59EC31246DBD61003785B2 /* ARResourcesButton.swift in Sources */,
				BC11F727244B505600734F60 /* SceneDelegate.swift in Sources */,
				BC4CB362246D01E1008BE946 /* ModelsDecodingExtension.swift in Sources */,
				BC6538172451E2AC008B0063 /* ARSessionStateHandlerExtension.swift in Sources */,
			);
			runOnlyForDeploymentPostprocessing = 0;
		};
/* End PBXSourcesBuildPhase section */

/* Begin PBXVariantGroup section */
		BC11F72A244B505600734F60 /* Main.storyboard */ = {
			isa = PBXVariantGroup;
			children = (
				BC11F72B244B505600734F60 /* Base */,
			);
			name = Main.storyboard;
			sourceTree = "<group>";
		};
		BC11F72F244B505A00734F60 /* LaunchScreen.storyboard */ = {
			isa = PBXVariantGroup;
			children = (
				BC11F730244B505A00734F60 /* Base */,
			);
			name = LaunchScreen.storyboard;
			sourceTree = "<group>";
		};
/* End PBXVariantGroup section */

/* Begin XCBuildConfiguration section */
		BC11F733244B505A00734F60 /* Debug */ = {
			isa = XCBuildConfiguration;
			buildSettings = {
				ALWAYS_SEARCH_USER_PATHS = NO;
				CLANG_ANALYZER_NONNULL = YES;
				CLANG_ANALYZER_NUMBER_OBJECT_CONVERSION = YES_AGGRESSIVE;
				CLANG_CXX_LANGUAGE_STANDARD = "gnu++14";
				CLANG_CXX_LIBRARY = "libc++";
				CLANG_ENABLE_MODULES = YES;
				CLANG_ENABLE_OBJC_ARC = YES;
				CLANG_ENABLE_OBJC_WEAK = YES;
				CLANG_WARN_BLOCK_CAPTURE_AUTORELEASING = YES;
				CLANG_WARN_BOOL_CONVERSION = YES;
				CLANG_WARN_COMMA = YES;
				CLANG_WARN_CONSTANT_CONVERSION = YES;
				CLANG_WARN_DEPRECATED_OBJC_IMPLEMENTATIONS = YES;
				CLANG_WARN_DIRECT_OBJC_ISA_USAGE = YES_ERROR;
				CLANG_WARN_DOCUMENTATION_COMMENTS = YES;
				CLANG_WARN_EMPTY_BODY = YES;
				CLANG_WARN_ENUM_CONVERSION = YES;
				CLANG_WARN_INFINITE_RECURSION = YES;
				CLANG_WARN_INT_CONVERSION = YES;
				CLANG_WARN_NON_LITERAL_NULL_CONVERSION = YES;
				CLANG_WARN_OBJC_IMPLICIT_RETAIN_SELF = YES;
				CLANG_WARN_OBJC_LITERAL_CONVERSION = YES;
				CLANG_WARN_OBJC_ROOT_CLASS = YES_ERROR;
				CLANG_WARN_RANGE_LOOP_ANALYSIS = YES;
				CLANG_WARN_STRICT_PROTOTYPES = YES;
				CLANG_WARN_SUSPICIOUS_MOVE = YES;
				CLANG_WARN_UNGUARDED_AVAILABILITY = YES_AGGRESSIVE;
				CLANG_WARN_UNREACHABLE_CODE = YES;
				CLANG_WARN__DUPLICATE_METHOD_MATCH = YES;
				COPY_PHASE_STRIP = NO;
				DEBUG_INFORMATION_FORMAT = dwarf;
				ENABLE_STRICT_OBJC_MSGSEND = YES;
				ENABLE_TESTABILITY = YES;
				GCC_C_LANGUAGE_STANDARD = gnu11;
				GCC_DYNAMIC_NO_PIC = NO;
				GCC_NO_COMMON_BLOCKS = YES;
				GCC_OPTIMIZATION_LEVEL = 0;
				GCC_PREPROCESSOR_DEFINITIONS = (
					"DEBUG=1",
					"$(inherited)",
				);
				GCC_WARN_64_TO_32_BIT_CONVERSION = YES;
				GCC_WARN_ABOUT_RETURN_TYPE = YES_ERROR;
				GCC_WARN_UNDECLARED_SELECTOR = YES;
				GCC_WARN_UNINITIALIZED_AUTOS = YES_AGGRESSIVE;
				GCC_WARN_UNUSED_FUNCTION = YES;
				GCC_WARN_UNUSED_VARIABLE = YES;
				IPHONEOS_DEPLOYMENT_TARGET = 13.2;
				MTL_ENABLE_DEBUG_INFO = INCLUDE_SOURCE;
				MTL_FAST_MATH = YES;
				ONLY_ACTIVE_ARCH = YES;
				SDKROOT = iphoneos;
				SWIFT_ACTIVE_COMPILATION_CONDITIONS = DEBUG;
				SWIFT_OPTIMIZATION_LEVEL = "-Onone";
			};
			name = Debug;
		};
		BC11F734244B505A00734F60 /* Release */ = {
			isa = XCBuildConfiguration;
			buildSettings = {
				ALWAYS_SEARCH_USER_PATHS = NO;
				CLANG_ANALYZER_NONNULL = YES;
				CLANG_ANALYZER_NUMBER_OBJECT_CONVERSION = YES_AGGRESSIVE;
				CLANG_CXX_LANGUAGE_STANDARD = "gnu++14";
				CLANG_CXX_LIBRARY = "libc++";
				CLANG_ENABLE_MODULES = YES;
				CLANG_ENABLE_OBJC_ARC = YES;
				CLANG_ENABLE_OBJC_WEAK = YES;
				CLANG_WARN_BLOCK_CAPTURE_AUTORELEASING = YES;
				CLANG_WARN_BOOL_CONVERSION = YES;
				CLANG_WARN_COMMA = YES;
				CLANG_WARN_CONSTANT_CONVERSION = YES;
				CLANG_WARN_DEPRECATED_OBJC_IMPLEMENTATIONS = YES;
				CLANG_WARN_DIRECT_OBJC_ISA_USAGE = YES_ERROR;
				CLANG_WARN_DOCUMENTATION_COMMENTS = YES;
				CLANG_WARN_EMPTY_BODY = YES;
				CLANG_WARN_ENUM_CONVERSION = YES;
				CLANG_WARN_INFINITE_RECURSION = YES;
				CLANG_WARN_INT_CONVERSION = YES;
				CLANG_WARN_NON_LITERAL_NULL_CONVERSION = YES;
				CLANG_WARN_OBJC_IMPLICIT_RETAIN_SELF = YES;
				CLANG_WARN_OBJC_LITERAL_CONVERSION = YES;
				CLANG_WARN_OBJC_ROOT_CLASS = YES_ERROR;
				CLANG_WARN_RANGE_LOOP_ANALYSIS = YES;
				CLANG_WARN_STRICT_PROTOTYPES = YES;
				CLANG_WARN_SUSPICIOUS_MOVE = YES;
				CLANG_WARN_UNGUARDED_AVAILABILITY = YES_AGGRESSIVE;
				CLANG_WARN_UNREACHABLE_CODE = YES;
				CLANG_WARN__DUPLICATE_METHOD_MATCH = YES;
				COPY_PHASE_STRIP = NO;
				DEBUG_INFORMATION_FORMAT = "dwarf-with-dsym";
				ENABLE_NS_ASSERTIONS = NO;
				ENABLE_STRICT_OBJC_MSGSEND = YES;
				GCC_C_LANGUAGE_STANDARD = gnu11;
				GCC_NO_COMMON_BLOCKS = YES;
				GCC_WARN_64_TO_32_BIT_CONVERSION = YES;
				GCC_WARN_ABOUT_RETURN_TYPE = YES_ERROR;
				GCC_WARN_UNDECLARED_SELECTOR = YES;
				GCC_WARN_UNINITIALIZED_AUTOS = YES_AGGRESSIVE;
				GCC_WARN_UNUSED_FUNCTION = YES;
				GCC_WARN_UNUSED_VARIABLE = YES;
				IPHONEOS_DEPLOYMENT_TARGET = 13.2;
				MTL_ENABLE_DEBUG_INFO = NO;
				MTL_FAST_MATH = YES;
				SDKROOT = iphoneos;
				SWIFT_COMPILATION_MODE = wholemodule;
				SWIFT_OPTIMIZATION_LEVEL = "-O";
				VALIDATE_PRODUCT = YES;
			};
			name = Release;
		};
		BC11F736244B505A00734F60 /* Debug */ = {
			isa = XCBuildConfiguration;
			buildSettings = {
				ASSETCATALOG_COMPILER_APPICON_NAME = AppIcon;
				CODE_SIGN_STYLE = Automatic;
				DEVELOPMENT_TEAM = SCPX4SG3MN;
				INFOPLIST_FILE = ARtGallery/Info.plist;
				IPHONEOS_DEPLOYMENT_TARGET = 13.4;
				LD_RUNPATH_SEARCH_PATHS = (
					"$(inherited)",
					"@executable_path/Frameworks",
				);
				PRODUCT_BUNDLE_IDENTIFIER = "e-bodah.ARtGallery";
				PRODUCT_NAME = "$(TARGET_NAME)";
				SWIFT_VERSION = 5.0;
				TARGETED_DEVICE_FAMILY = "1,2";
			};
			name = Debug;
		};
		BC11F737244B505A00734F60 /* Release */ = {
			isa = XCBuildConfiguration;
			buildSettings = {
				ASSETCATALOG_COMPILER_APPICON_NAME = AppIcon;
				CODE_SIGN_STYLE = Automatic;
				DEVELOPMENT_TEAM = SCPX4SG3MN;
				INFOPLIST_FILE = ARtGallery/Info.plist;
				IPHONEOS_DEPLOYMENT_TARGET = 13.4;
				LD_RUNPATH_SEARCH_PATHS = (
					"$(inherited)",
					"@executable_path/Frameworks",
				);
				PRODUCT_BUNDLE_IDENTIFIER = "e-bodah.ARtGallery";
				PRODUCT_NAME = "$(TARGET_NAME)";
				SWIFT_VERSION = 5.0;
				TARGETED_DEVICE_FAMILY = "1,2";
			};
			name = Release;
		};
/* End XCBuildConfiguration section */

/* Begin XCConfigurationList section */
		BC11F71C244B505500734F60 /* Build configuration list for PBXProject "ARtGallery" */ = {
			isa = XCConfigurationList;
			buildConfigurations = (
				BC11F733244B505A00734F60 /* Debug */,
				BC11F734244B505A00734F60 /* Release */,
			);
			defaultConfigurationIsVisible = 0;
			defaultConfigurationName = Release;
		};
		BC11F735244B505A00734F60 /* Build configuration list for PBXNativeTarget "ARtGallery" */ = {
			isa = XCConfigurationList;
			buildConfigurations = (
				BC11F736244B505A00734F60 /* Debug */,
				BC11F737244B505A00734F60 /* Release */,
			);
			defaultConfigurationIsVisible = 0;
			defaultConfigurationName = Release;
		};
/* End XCConfigurationList section */

/* Begin XCVersionGroup section */
		BCCE03D02466CFCE0017CD56 /* Model.xcdatamodeld */ = {
			isa = XCVersionGroup;
			children = (
				BCCE03D12466CFCE0017CD56 /* Model.xcdatamodel */,
			);
			currentVersion = BCCE03D12466CFCE0017CD56 /* Model.xcdatamodel */;
			path = Model.xcdatamodeld;
			sourceTree = "<group>";
			versionGroupType = wrapper.xcdatamodel;
		};
/* End XCVersionGroup section */
	};
	rootObject = BC11F719244B505500734F60 /* Project object */;
}
